
Microsoft Visual Studio Solution File, Format Version 12.00
# Visual Studio 15
VisualStudioVersion = 15.0.28307.779
MinimumVisualStudioVersion = 10.0.40219.1
Project("{FAE04EC0-301F-11D3-BF4B-00C04F79EFBC}") = "NinePoint", "NinePoint\NinePoint.csproj", "{BFD11D57-90E8-4095-9A17-A9177EAE5D00}"
EndProject
Global
	GlobalSection(SolutionConfigurationPlatforms) = preSolution
		Debug|Any CPU = Debug|Any CPU
		Release|Any CPU = Release|Any CPU
	EndGlobalSection
	GlobalSection(ProjectConfigurationPlatforms) = postSolution
		{BFD11D57-90E8-4095-9A17-A9177EAE5D00}.Debug|Any CPU.ActiveCfg = Debug|Any CPU
		{BFD11D57-90E8-4095-9A17-A9177EAE5D00}.Debug|Any CPU.Build.0 = Debug|Any CPU
		{BFD11D57-90E8-4095-9A17-A9177EAE5D00}.Release|Any CPU.ActiveCfg = Release|Any CPU
		{BFD11D57-90E8-4095-9A17-A9177EAE5D00}.Release|Any CPU.Build.0 = Release|Any CPU
	EndGlobalSection
	GlobalSection(SolutionProperties) = preSolution
		HideSolutionNode = FALSE
	EndGlobalSection
	GlobalSection(ExtensibilityGlobals) = postSolution
		SolutionGuid = {F49B1944-8E61-45E0-8D14-BEA6E2E96E74}
	EndGlobalSection
EndGlobal
